// !$*UTF8*$!
{
	archiveVersion = 1;
	classes = {
	};
	objectVersion = 46;
	objects = {

/* Begin PBXBuildFile section */
		7656C4751E0B9A7100439055 /* movies.json in Resources */ = {isa = PBXBuildFile; fileRef = 7656C4741E0B9A7100439055 /* movies.json */; };
		7656C4771E0BAA3B00439055 /* DetailsTVC.swift in Sources */ = {isa = PBXBuildFile; fileRef = 7656C4761E0BAA3B00439055 /* DetailsTVC.swift */; };
		7688969B1E088B0300781588 /* AppDelegate.swift in Sources */ = {isa = PBXBuildFile; fileRef = 7688969A1E088B0300781588 /* AppDelegate.swift */; };
		768896A01E088B0300781588 /* Main.storyboard in Resources */ = {isa = PBXBuildFile; fileRef = 7688969E1E088B0300781588 /* Main.storyboard */; };
		768896A21E088B0300781588 /* Assets.xcassets in Resources */ = {isa = PBXBuildFile; fileRef = 768896A11E088B0300781588 /* Assets.xcassets */; };
		768896A51E088B0300781588 /* LaunchScreen.storyboard in Resources */ = {isa = PBXBuildFile; fileRef = 768896A31E088B0300781588 /* LaunchScreen.storyboard */; };
		768896AD1E088DFA00781588 /* HomeVC.swift in Sources */ = {isa = PBXBuildFile; fileRef = 768896AC1E088DFA00781588 /* HomeVC.swift */; };
		768896AF1E088FDC00781588 /* Show.swift in Sources */ = {isa = PBXBuildFile; fileRef = 768896AE1E088FDC00781588 /* Show.swift */; };
/* End PBXBuildFile section */

/* Begin PBXFileReference section */
		7656C4741E0B9A7100439055 /* movies.json */ = {isa = PBXFileReference; fileEncoding = 4; lastKnownFileType = text.json; path = movies.json; sourceTree = "<group>"; };
		7656C4761E0BAA3B00439055 /* DetailsTVC.swift */ = {isa = PBXFileReference; fileEncoding = 4; lastKnownFileType = sourcecode.swift; path = DetailsTVC.swift; sourceTree = "<group>"; };
		768896971E088B0200781588 /* Grail Diary.app */ = {isa = PBXFileReference; explicitFileType = wrapper.application; includeInIndex = 0; path = "Grail Diary.app"; sourceTree = BUILT_PRODUCTS_DIR; };
		7688969A1E088B0300781588 /* AppDelegate.swift */ = {isa = PBXFileReference; lastKnownFileType = sourcecode.swift; path = AppDelegate.swift; sourceTree = "<group>"; };
		7688969F1E088B0300781588 /* Base */ = {isa = PBXFileReference; lastKnownFileType = file.storyboard; name = Base; path = Base.lproj/Main.storyboard; sourceTree = "<group>"; };
		768896A11E088B0300781588 /* Assets.xcassets */ = {isa = PBXFileReference; lastKnownFileType = folder.assetcatalog; path = Assets.xcassets; sourceTree = "<group>"; };
		768896A41E088B0300781588 /* Base */ = {isa = PBXFileReference; lastKnownFileType = file.storyboard; name = Base; path = Base.lproj/LaunchScreen.storyboard; sourceTree = "<group>"; };
		768896A61E088B0300781588 /* Info.plist */ = {isa = PBXFileReference; lastKnownFileType = text.plist.xml; path = Info.plist; sourceTree = "<group>"; };
		768896AC1E088DFA00781588 /* HomeVC.swift */ = {isa = PBXFileReference; fileEncoding = 4; lastKnownFileType = sourcecode.swift; name = HomeVC.swift; path = ../HomeVC.swift; sourceTree = "<group>"; };
		768896AE1E088FDC00781588 /* Show.swift */ = {isa = PBXFileReference; fileEncoding = 4; lastKnownFileType = sourcecode.swift; path = Show.swift; sourceTree = "<group>"; };
/* End PBXFileReference section */

/* Begin PBXFrameworksBuildPhase section */
		768896941E088B0200781588 /* Frameworks */ = {
			isa = PBXFrameworksBuildPhase;
			buildActionMask = 2147483647;
			files = (
			);
			runOnlyForDeploymentPostprocessing = 0;
		};
/* End PBXFrameworksBuildPhase section */

/* Begin PBXGroup section */
		7688968E1E088B0200781588 = {
			isa = PBXGroup;
			children = (
				768896991E088B0200781588 /* Grail Diary */,
				768896981E088B0200781588 /* Products */,
			);
			sourceTree = "<group>";
		};
		768896981E088B0200781588 /* Products */ = {
			isa = PBXGroup;
			children = (
				768896971E088B0200781588 /* Grail Diary.app */,
			);
			name = Products;
			sourceTree = "<group>";
		};
		768896991E088B0200781588 /* Grail Diary */ = {
			isa = PBXGroup;
			children = (
				7656C4741E0B9A7100439055 /* movies.json */,
				7688969A1E088B0300781588 /* AppDelegate.swift */,
				768896AC1E088DFA00781588 /* HomeVC.swift */,
				7656C4761E0BAA3B00439055 /* DetailsTVC.swift */,
				7688969E1E088B0300781588 /* Main.storyboard */,
				768896A11E088B0300781588 /* Assets.xcassets */,
				768896AE1E088FDC00781588 /* Show.swift */,
				768896A31E088B0300781588 /* LaunchScreen.storyboard */,
				768896A61E088B0300781588 /* Info.plist */,
			);
			path = "Grail Diary";
			sourceTree = "<group>";
		};
/* End PBXGroup section */

/* Begin PBXNativeTarget section */
		768896961E088B0200781588 /* Grail Diary */ = {
			isa = PBXNativeTarget;
			buildConfigurationList = 768896A91E088B0300781588 /* Build configuration list for PBXNativeTarget "Grail Diary" */;
			buildPhases = (
				768896931E088B0200781588 /* Sources */,
				768896941E088B0200781588 /* Frameworks */,
				768896951E088B0200781588 /* Resources */,
			);
			buildRules = (
			);
			dependencies = (
			);
			name = "Grail Diary";
			productName = "Grail Diary";
			productReference = 768896971E088B0200781588 /* Grail Diary.app */;
			productType = "com.apple.product-type.application";
		};
/* End PBXNativeTarget section */

/* Begin PBXProject section */
		7688968F1E088B0200781588 /* Project object */ = {
			isa = PBXProject;
			attributes = {
				LastSwiftUpdateCheck = 0810;
				LastUpgradeCheck = 0810;
				ORGANIZATIONNAME = "The Iron Yard";
				TargetAttributes = {
					768896961E088B0200781588 = {
						CreatedOnToolsVersion = 8.1;
						ProvisioningStyle = Automatic;
					};
				};
			};
			buildConfigurationList = 768896921E088B0200781588 /* Build configuration list for PBXProject "Grail Diary" */;
			compatibilityVersion = "Xcode 3.2";
			developmentRegion = English;
			hasScannedForEncodings = 0;
			knownRegions = (
				en,
				Base,
			);
			mainGroup = 7688968E1E088B0200781588;
			productRefGroup = 768896981E088B0200781588 /* Products */;
			projectDirPath = "";
			projectRoot = "";
			targets = (
				768896961E088B0200781588 /* Grail Diary */,
			);
		};
/* End PBXProject section */

/* Begin PBXResourcesBuildPhase section */
		768896951E088B0200781588 /* Resources */ = {
			isa = PBXResourcesBuildPhase;
			buildActionMask = 2147483647;
			files = (
				768896A51E088B0300781588 /* LaunchScreen.storyboard in Resources */,
				768896A21E088B0300781588 /* Assets.xcassets in Resources */,
				7656C4751E0B9A7100439055 /* movies.json in Resources */,
				768896A01E088B0300781588 /* Main.storyboard in Resources */,
			);
			runOnlyForDeploymentPostprocessing = 0;
		};
/* End PBXResourcesBuildPhase section */

/* Begin PBXSourcesBuildPhase section */
		768896931E088B0200781588 /* Sources */ = {
			isa = PBXSourcesBuildPhase;
			buildActionMask = 2147483647;
			files = (
				7688969B1E088B0300781588 /* AppDelegate.swift in Sources */,
				768896AF1E088FDC00781588 /* Show.swift in Sources */,
				7656C4771E0BAA3B00439055 /* DetailsTVC.swift in Sources */,
				768896AD1E088DFA00781588 /* HomeVC.swift in Sources */,
			);
			runOnlyForDeploymentPostprocessing = 0;
		};
/* End PBXSourcesBuildPhase section */

/* Begin PBXVariantGroup section */
		7688969E1E088B0300781588 /* Main.storyboard */ = {
			isa = PBXVariantGroup;
			children = (
				7688969F1E088B0300781588 /* Base */,
			);
			name = Main.storyboard;
			sourceTree = "<group>";
		};
		768896A31E088B0300781588 /* LaunchScreen.storyboard */ = {
			isa = PBXVariantGroup;
			children = (
				768896A41E088B0300781588 /* Base */,
			);
			name = LaunchScreen.storyboard;
			sourceTree = "<group>";
		};
/* End PBXVariantGroup section */

/* Begin XCBuildConfiguration section */
		768896A71E088B0300781588 /* Debug */ = {
			isa = XCBuildConfiguration;
			buildSettings = {
				ALWAYS_SEARCH_USER_PATHS = NO;
				CLANG_ANALYZER_NONNULL = YES;
				CLANG_CXX_LANGUAGE_STANDARD = "gnu++0x";
				CLANG_CXX_LIBRARY = "libc++";
				CLANG_ENABLE_MODULES = YES;
				CLANG_ENABLE_OBJC_ARC = YES;
				CLANG_WARN_BOOL_CONVERSION = YES;
				CLANG_WARN_CONSTANT_CONVERSION = YES;
				CLANG_WARN_DIRECT_OBJC_ISA_USAGE = YES_ERROR;
				CLANG_WARN_DOCUMENTATION_COMMENTS = YES;
				CLANG_WARN_EMPTY_BODY = YES;
				CLANG_WARN_ENUM_CONVERSION = YES;
				CLANG_WARN_INFINITE_RECURSION = YES;
				CLANG_WARN_INT_CONVERSION = YES;
				CLANG_WARN_OBJC_ROOT_CLASS = YES_ERROR;
				CLANG_WARN_SUSPICIOUS_MOVES = YES;
				CLANG_WARN_UNREACHABLE_CODE = YES;
				CLANG_WARN__DUPLICATE_METHOD_MATCH = YES;
				"CODE_SIGN_IDENTITY[sdk=iphoneos*]" = "iPhone Developer";
				COPY_PHASE_STRIP = NO;
				DEBUG_INFORMATION_FORMAT = dwarf;
				ENABLE_STRICT_OBJC_MSGSEND = YES;
				ENABLE_TESTABILITY = YES;
				GCC_C_LANGUAGE_STANDARD = gnu99;
				GCC_DYNAMIC_NO_PIC = NO;
				GCC_NO_COMMON_BLOCKS = YES;
				GCC_OPTIMIZATION_LEVEL = 0;
				GCC_PREPROCESSOR_DEFINITIONS = (
					"DEBUG=1",
					"$(inherited)",
				);
				GCC_WARN_64_TO_32_BIT_CONVERSION = YES;
				GCC_WARN_ABOUT_RETURN_TYPE = YES_ERROR;
				GCC_WARN_UNDECLARED_SELECTOR = YES;
				GCC_WARN_UNINITIALIZED_AUTOS = YES_AGGRESSIVE;
				GCC_WARN_UNUSED_FUNCTION = YES;
				GCC_WARN_UNUSED_VARIABLE = YES;
				IPHONEOS_DEPLOYMENT_TARGET = 10.1;
				MTL_ENABLE_DEBUG_INFO = YES;
				ONLY_ACTIVE_ARCH = YES;
				SDKROOT = iphoneos;
				SWIFT_ACTIVE_COMPILATION_CONDITIONS = DEBUG;
				SWIFT_OPTIMIZATION_LEVEL = "-Onone";
			};
			name = Debug;
		};
		768896A81E088B0300781588 /* Release */ = {
			isa = XCBuildConfiguration;
			buildSettings = {
				ALWAYS_SEARCH_USER_PATHS = NO;
				CLANG_ANALYZER_NONNULL = YES;
				CLANG_CXX_LANGUAGE_STANDARD = "gnu++0x";
				CLANG_CXX_LIBRARY = "libc++";
				CLANG_ENABLE_MODULES = YES;
				CLANG_ENABLE_OBJC_ARC = YES;
				CLANG_WARN_BOOL_CONVERSION = YES;
				CLANG_WARN_CONSTANT_CONVERSION = YES;
				CLANG_WARN_DIRECT_OBJC_ISA_USAGE = YES_ERROR;
				CLANG_WARN_DOCUMENTATION_COMMENTS = YES;
				CLANG_WARN_EMPTY_BODY = YES;
				CLANG_WARN_ENUM_CONVERSION = YES;
				CLANG_WARN_INFINITE_RECURSION = YES;
				CLANG_WARN_INT_CONVERSION = YES;
				CLANG_WARN_OBJC_ROOT_CLASS = YES_ERROR;
				CLANG_WARN_SUSPICIOUS_MOVES = YES;
				CLANG_WARN_UNREACHABLE_CODE = YES;
				CLANG_WARN__DUPLICATE_METHOD_MATCH = YES;
				"CODE_SIGN_IDENTITY[sdk=iphoneos*]" = "iPhone Developer";
				COPY_PHASE_STRIP = NO;
				DEBUG_INFORMATION_FORMAT = "dwarf-with-dsym";
				ENABLE_NS_ASSERTIONS = NO;
				ENABLE_STRICT_OBJC_MSGSEND = YES;
				GCC_C_LANGUAGE_STANDARD = gnu99;
				GCC_NO_COMMON_BLOCKS = YES;
				GCC_WARN_64_TO_32_BIT_CONVERSION = YES;
				GCC_WARN_ABOUT_RETURN_TYPE = YES_ERROR;
				GCC_WARN_UNDECLARED_SELECTOR = YES;
				GCC_WARN_UNINITIALIZED_AUTOS = YES_AGGRESSIVE;
				GCC_WARN_UNUSED_FUNCTION = YES;
				GCC_WARN_UNUSED_VARIABLE = YES;
				IPHONEOS_DEPLOYMENT_TARGET = 10.1;
				MTL_ENABLE_DEBUG_INFO = NO;
				SDKROOT = iphoneos;
				SWIFT_OPTIMIZATION_LEVEL = "-Owholemodule";
				VALIDATE_PRODUCT = YES;
			};
			name = Release;
		};
		768896AA1E088B0300781588 /* Debug */ = {
			isa = XCBuildConfiguration;
			buildSettings = {
				ASSETCATALOG_COMPILER_APPICON_NAME = AppIcon;
				INFOPLIST_FILE = "Grail Diary/Info.plist";
				LD_RUNPATH_SEARCH_PATHS = "$(inherited) @executable_path/Frameworks";
				PRODUCT_BUNDLE_IDENTIFIER = "com.tiy.Grail-Diary";
				PRODUCT_NAME = "$(TARGET_NAME)";
				SWIFT_VERSION = 3.0;
			};
			name = Debug;
		};
		768896AB1E088B0300781588 /* Release */ = {
			isa = XCBuildConfiguration;
			buildSettings = {
				ASSETCATALOG_COMPILER_APPICON_NAME = AppIcon;
				INFOPLIST_FILE = "Grail Diary/Info.plist";
				LD_RUNPATH_SEARCH_PATHS = "$(inherited) @executable_path/Frameworks";
				PRODUCT_BUNDLE_IDENTIFIER = "com.tiy.Grail-Diary";
				PRODUCT_NAME = "$(TARGET_NAME)";
				SWIFT_VERSION = 3.0;
			};
			name = Release;
		};
/* End XCBuildConfiguration section */

/* Begin XCConfigurationList section */
		768896921E088B0200781588 /* Build configuration list for PBXProject "Grail Diary" */ = {
			isa = XCConfigurationList;
			buildConfigurations = (
				768896A71E088B0300781588 /* Debug */,
				768896A81E088B0300781588 /* Release */,
			);
			defaultConfigurationIsVisible = 0;
			defaultConfigurationName = Release;
		};
		768896A91E088B0300781588 /* Build configuration list for PBXNativeTarget "Grail Diary" */ = {
			isa = XCConfigurationList;
			buildConfigurations = (
				768896AA1E088B0300781588 /* Debug */,
				768896AB1E088B0300781588 /* Release */,
			);
			defaultConfigurationIsVisible = 0;
			defaultConfigurationName = Release;
		};
/* End XCConfigurationList section */
	};
	rootObject = 7688968F1E088B0200781588 /* Project object */;
}
